<?xml version="1.0" encoding="utf-8"?>
<Project ToolsVersion="4.0" xmlns="http://schemas.microsoft.com/developer/msbuild/2003">
  <ItemGroup>
    <Filter Include="Source">
      <UniqueIdentifier>{6a945472-3660-4da6-b204-5b13d8c50831}</UniqueIdentifier>
    </Filter>
    <Filter Include="Source\Thirdparty">
      <UniqueIdentifier>{60f9b1ff-c156-4a86-bc3f-a1c46a5fdba8}</UniqueIdentifier>
    </Filter>
    <Filter Include="Source\Thirdparty\imgui">
      <UniqueIdentifier>{5de635c4-666e-4734-a0a4-ff4fc0bf863e}</UniqueIdentifier>
    </Filter>
    <Filter Include="Source\Thirdparty\glm">
      <UniqueIdentifier>{064ea29b-09c1-4ade-a754-2cc117ea8957}</UniqueIdentifier>
    </Filter>
    <Filter Include="Source\Thirdparty\glm\gtx">
      <UniqueIdentifier>{fc7a9daa-2d7a-459d-a3c0-be6f8acb0e8a}</UniqueIdentifier>
    </Filter>
    <Filter Include="Source\Thirdparty\glm\gtc">
      <UniqueIdentifier>{4cc267fd-7475-485f-bf1d-5be9606714c8}</UniqueIdentifier>
    </Filter>
    <Filter Include="Source\ImGui">
      <UniqueIdentifier>{5b1f4eed-7610-4f7e-b607-708a422cd30a}</UniqueIdentifier>
    </Filter>
    <Filter Include="Shader">
      <UniqueIdentifier>{11730d7c-3b75-4639-bdac-502be48ed4ec}</UniqueIdentifier>
    </Filter>
    <Filter Include="Source\Thirdparty\tinyobjloader">
      <UniqueIdentifier>{fbe86055-d12a-45fd-924e-e6837332d080}</UniqueIdentifier>
    </Filter>
    <Filter Include="Source\Thirdparty\nameof">
      <UniqueIdentifier>{fb38af67-f2e1-4117-aa26-ca05c53cfec1}</UniqueIdentifier>
    </Filter>
    <Filter Include="Source\Thirdparty\tinygltf">
      <UniqueIdentifier>{5d26f50b-fa5b-4b3e-857a-3c345a269b88}</UniqueIdentifier>
    </Filter>
    <Filter Include="Source\Thirdparty\ArPragueSkyModelGround">
      <UniqueIdentifier>{a5eca7a6-a35c-4256-a2d2-7e48086555ad}</UniqueIdentifier>
    </Filter>
    <Filter Include="Source\Thirdparty\ArHosekSkyModel">
      <UniqueIdentifier>{c9e18a15-292f-471e-afa4-1fe816659385}</UniqueIdentifier>
    </Filter>
    <Filter Include="Source\Thirdparty\tinyxml2">
      <UniqueIdentifier>{97014e42-3f8e-4326-a174-1d2b0fb2d3dd}</UniqueIdentifier>
    </Filter>
    <Filter Include="Source\Thirdparty\stb">
      <UniqueIdentifier>{3b8b57d3-df7a-479e-94cb-dbc9de3cfb59}</UniqueIdentifier>
    </Filter>
    <Filter Include="Source\Thirdparty\nvapi">
      <UniqueIdentifier>{89cc6c88-247b-4842-9220-e6ca406e8cf1}</UniqueIdentifier>
    </Filter>
  </ItemGroup>
  <ItemGroup>
    <ClInclude Include="Source\Common.h">
      <Filter>Source</Filter>
    </ClInclude>
    <ClInclude Include="Source\Thirdparty\glm\glm\matrix.hpp">
      <Filter>Source\Thirdparty\glm</Filter>
    </ClInclude>
    <ClInclude Include="Source\Thirdparty\glm\glm\packing.hpp">
      <Filter>Source\Thirdparty\glm</Filter>
    </ClInclude>
    <ClInclude Include="Source\Thirdparty\glm\glm\trigonometric.hpp">
      <Filter>Source\Thirdparty\glm</Filter>
    </ClInclude>
    <ClInclude Include="Source\Thirdparty\glm\glm\vec2.hpp">
      <Filter>Source\Thirdparty\glm</Filter>
    </ClInclude>
    <ClInclude Include="Source\Thirdparty\glm\glm\vec3.hpp">
      <Filter>Source\Thirdparty\glm</Filter>
    </ClInclude>
    <ClInclude Include="Source\Thirdparty\glm\glm\vec4.hpp">
      <Filter>Source\Thirdparty\glm</Filter>
    </ClInclude>
    <ClInclude Include="Source\Thirdparty\glm\glm\vector_relational.hpp">
      <Filter>Source\Thirdparty\glm</Filter>
    </ClInclude>
    <ClInclude Include="Source\Thirdparty\glm\glm\common.hpp">
      <Filter>Source\Thirdparty\glm</Filter>
    </ClInclude>
    <ClInclude Include="Source\Thirdparty\glm\glm\exponential.hpp">
      <Filter>Source\Thirdparty\glm</Filter>
    </ClInclude>
    <ClInclude Include="Source\Thirdparty\glm\glm\ext.hpp">
      <Filter>Source\Thirdparty\glm</Filter>
    </ClInclude>
    <ClInclude Include="Source\Thirdparty\glm\glm\fwd.hpp">
      <Filter>Source\Thirdparty\glm</Filter>
    </ClInclude>
    <ClInclude Include="Source\Thirdparty\glm\glm\geometric.hpp">
      <Filter>Source\Thirdparty\glm</Filter>
    </ClInclude>
    <ClInclude Include="Source\Thirdparty\glm\glm\glm.hpp">
      <Filter>Source\Thirdparty\glm</Filter>
    </ClInclude>
    <ClInclude Include="Source\Thirdparty\glm\glm\integer.hpp">
      <Filter>Source\Thirdparty\glm</Filter>
    </ClInclude>
    <ClInclude Include="Source\Thirdparty\glm\glm\mat2x2.hpp">
      <Filter>Source\Thirdparty\glm</Filter>
    </ClInclude>
    <ClInclude Include="Source\Thirdparty\glm\glm\mat2x3.hpp">
      <Filter>Source\Thirdparty\glm</Filter>
    </ClInclude>
    <ClInclude Include="Source\Thirdparty\glm\glm\mat2x4.hpp">
      <Filter>Source\Thirdparty\glm</Filter>
    </ClInclude>
    <ClInclude Include="Source\Thirdparty\glm\glm\mat3x2.hpp">
      <Filter>Source\Thirdparty\glm</Filter>
    </ClInclude>
    <ClInclude Include="Source\Thirdparty\glm\glm\mat3x3.hpp">
      <Filter>Source\Thirdparty\glm</Filter>
    </ClInclude>
    <ClInclude Include="Source\Thirdparty\glm\glm\mat3x4.hpp">
      <Filter>Source\Thirdparty\glm</Filter>
    </ClInclude>
    <ClInclude Include="Source\Thirdparty\glm\glm\mat4x2.hpp">
      <Filter>Source\Thirdparty\glm</Filter>
    </ClInclude>
    <ClInclude Include="Source\Thirdparty\glm\glm\mat4x3.hpp">
      <Filter>Source\Thirdparty\glm</Filter>
    </ClInclude>
    <ClInclude Include="Source\Thirdparty\glm\glm\mat4x4.hpp">
      <Filter>Source\Thirdparty\glm</Filter>
    </ClInclude>
    <ClInclude Include="Source\Scene.h">
      <Filter>Source</Filter>
    </ClInclude>
    <ClInclude Include="Source\ImGui\imgui_impl_win32.h">
      <Filter>Source\ImGui</Filter>
    </ClInclude>
    <ClInclude Include="Source\ImGui\imgui_impl_dx12.h">
      <Filter>Source\ImGui</Filter>
    </ClInclude>
    <ClInclude Include="Source\Thirdparty\tinyobjloader\tiny_obj_loader.h">
      <Filter>Source\Thirdparty\tinyobjloader</Filter>
    </ClInclude>
    <ClInclude Include="Source\Thirdparty\nameof\include\nameof.hpp">
      <Filter>Source\Thirdparty\nameof</Filter>
    </ClInclude>
    <ClInclude Include="Source\ImGui\imgui_impl_helper.h">
      <Filter>Source\ImGui</Filter>
    </ClInclude>
    <ClInclude Include="Source\Atmosphere.h">
      <Filter>Source</Filter>
    </ClInclude>
    <ClInclude Include="Source\Cloud.h">
      <Filter>Source</Filter>
    </ClInclude>
    <ClInclude Include="Source\Thirdparty\imgui\imgui_internal.h">
      <Filter>Source\Thirdparty\imgui</Filter>
    </ClInclude>
    <ClInclude Include="Source\Thirdparty\imgui\imstb_rectpack.h">
      <Filter>Source\Thirdparty\imgui</Filter>
    </ClInclude>
    <ClInclude Include="Source\Thirdparty\imgui\imstb_textedit.h">
      <Filter>Source\Thirdparty\imgui</Filter>
    </ClInclude>
    <ClInclude Include="Source\Thirdparty\imgui\imstb_truetype.h">
      <Filter>Source\Thirdparty\imgui</Filter>
    </ClInclude>
    <ClInclude Include="Source\Thirdparty\imgui\imconfig.h">
      <Filter>Source\Thirdparty\imgui</Filter>
    </ClInclude>
    <ClInclude Include="Source\Thirdparty\imgui\imgui.h">
      <Filter>Source\Thirdparty\imgui</Filter>
    </ClInclude>
    <ClInclude Include="Source\Thirdparty\tinygltf\tiny_gltf.h">
      <Filter>Source\Thirdparty\tinygltf</Filter>
    </ClInclude>
    <ClInclude Include="Source\Thirdparty\ArPragueSkyModelGround\ArPragueSkyModelGround.h">
      <Filter>Source\Thirdparty\ArPragueSkyModelGround</Filter>
    </ClInclude>
    <ClInclude Include="Source\Thirdparty\ArHosekSkyModel\ArHosekSkyModel.h">
      <Filter>Source\Thirdparty\ArHosekSkyModel</Filter>
    </ClInclude>
    <ClInclude Include="Source\Thirdparty\ArHosekSkyModel\ArHosekSkyModelData_CIEXYZ.h">
      <Filter>Source\Thirdparty\ArHosekSkyModel</Filter>
    </ClInclude>
    <ClInclude Include="Source\Thirdparty\ArHosekSkyModel\ArHosekSkyModelData_RGB.h">
      <Filter>Source\Thirdparty\ArHosekSkyModel</Filter>
    </ClInclude>
    <ClInclude Include="Source\Thirdparty\ArHosekSkyModel\ArHosekSkyModelData_Spectral.h">
      <Filter>Source\Thirdparty\ArHosekSkyModel</Filter>
    </ClInclude>
    <ClInclude Include="Source\Color.h">
      <Filter>Source</Filter>
    </ClInclude>
    <ClInclude Include="Source\Thirdparty\tinyxml2\tinyxml2.h">
      <Filter>Source\Thirdparty\tinyxml2</Filter>
    </ClInclude>
    <ClInclude Include="Source\Renderer.h">
      <Filter>Source</Filter>
    </ClInclude>
    <ClInclude Include="Source\Renderer.inl">
      <Filter>Source</Filter>
    </ClInclude>
    <ClInclude Include="Source\Thirdparty\tinygltf\tiny_gltf.cc">
      <Filter>Source\Thirdparty\tinygltf</Filter>
    </ClInclude>
    <ClInclude Include="Source\Thirdparty\tiny_gltf.h">
      <Filter>Source\Thirdparty</Filter>
    </ClInclude>
    <ClInclude Include="Source\Thirdparty\glm.h">
      <Filter>Source\Thirdparty</Filter>
    </ClInclude>
    <ClInclude Include="Source\Thirdparty\imgui_config.h">
      <Filter>Source\Thirdparty</Filter>
    </ClInclude>
    <ClInclude Include="Shader\BRDFExplorer.h">
      <Filter>Shader</Filter>
    </ClInclude>
    <ClInclude Include="Source\Thirdparty\implot\implot.h" />
    <ClInclude Include="Source\Thirdparty\implot\implot_internal.h" />
  </ItemGroup>
  <ItemGroup>
    <ClCompile Include="Source\DXRPlayground.cpp">
      <Filter>Source</Filter>
    </ClCompile>
    <ClCompile Include="Source\Renderer.cpp">
      <Filter>Source</Filter>
    </ClCompile>
    <ClCompile Include="Source\Common.cpp">
      <Filter>Source</Filter>
    </ClCompile>
    <ClCompile Include="Source\Scene.cpp">
      <Filter>Source</Filter>
    </ClCompile>
    <ClCompile Include="Source\ImGui\imgui_impl_dx12.cpp">
      <Filter>Source\ImGui</Filter>
    </ClCompile>
    <ClCompile Include="Source\ImGui\imgui_impl_win32.cpp">
      <Filter>Source\ImGui</Filter>
    </ClCompile>
    <ClCompile Include="Source\Thirdparty\tinyobjloader\tiny_obj_loader.cc">
      <Filter>Source\Thirdparty\tinyobjloader</Filter>
    </ClCompile>
    <ClCompile Include="Source\ImGui\imgui_impl_helper.cpp">
      <Filter>Source\ImGui</Filter>
    </ClCompile>
    <ClCompile Include="Source\Atmosphere.cpp">
      <Filter>Source</Filter>
    </ClCompile>
    <ClCompile Include="Source\Cloud.cpp">
      <Filter>Source</Filter>
    </ClCompile>
    <ClCompile Include="Source\Thirdparty\imgui\imgui_tables.cpp">
      <Filter>Source\Thirdparty\imgui</Filter>
    </ClCompile>
    <ClCompile Include="Source\Thirdparty\imgui\imgui_widgets.cpp">
      <Filter>Source\Thirdparty\imgui</Filter>
    </ClCompile>
    <ClCompile Include="Source\Thirdparty\imgui\imgui.cpp">
      <Filter>Source\Thirdparty\imgui</Filter>
    </ClCompile>
    <ClCompile Include="Source\Thirdparty\imgui\imgui_demo.cpp">
      <Filter>Source\Thirdparty\imgui</Filter>
    </ClCompile>
    <ClCompile Include="Source\Thirdparty\imgui\imgui_draw.cpp">
      <Filter>Source\Thirdparty\imgui</Filter>
    </ClCompile>
    <ClCompile Include="Source\Thirdparty\ArPragueSkyModelGround\ArPragueSkyModelGround.cpp">
      <Filter>Source\Thirdparty\ArPragueSkyModelGround</Filter>
    </ClCompile>
    <ClCompile Include="Source\Thirdparty\ArHosekSkyModel\ArHosekSkyModel.cpp">
      <Filter>Source\Thirdparty\ArHosekSkyModel</Filter>
    </ClCompile>
    <ClCompile Include="Source\Color.cpp">
      <Filter>Source</Filter>
    </ClCompile>
    <ClCompile Include="Source\Thirdparty\tinyxml2\tinyxml2.cpp">
      <Filter>Source\Thirdparty\tinyxml2</Filter>
    </ClCompile>
    <ClCompile Include="Source\Thirdparty\Thirdparty.cpp">
      <Filter>Source\Thirdparty</Filter>
    </ClCompile>
    <ClCompile Include="Source\Thirdparty\implot\implot.cpp" />
    <ClCompile Include="Source\Thirdparty\implot\implot_items.cpp" />
  </ItemGroup>
  <ItemGroup>
    <None Include="packages.config" />
    <None Include="Shader\packing.hlsli">
      <Filter>Shader</Filter>
    </None>
    <None Include="Shader\utils.hlsli">
      <Filter>Shader</Filter>
    </None>
    <None Include="Shader\AnyHit.hpp">
      <Filter>Shader</Filter>
    </None>
    <None Include="Shader\EnumHelper.h">
      <Filter>Shader</Filter>
    </None>
    <None Include="Shader\Atmosphere.hpp">
      <Filter>Shader</Filter>
    </None>
    <None Include="Shader\AtmosphereIntegration.Bruneton17.h">
      <Filter>Shader</Filter>
    </None>
    <None Include="Shader\AtmosphereIntegration.h">
      <Filter>Shader</Filter>
    </None>
    <None Include="Shader\AtmosphereIntegration.Hillaire20.h">
      <Filter>Shader</Filter>
    </None>
    <None Include="Shader\AtmosphereIntegration.Raymarch.h">
      <Filter>Shader</Filter>
    </None>
    <None Include="Shader\AtmosphereIntegration.Wilkie21.h">
      <Filter>Shader</Filter>
    </None>
    <None Include="Shader\Binding.h">
      <Filter>Shader</Filter>
    </None>
    <None Include="Shader\BSDF.h">
      <Filter>Shader</Filter>
    </None>
    <None Include="Shader\ClosestHit.h">
      <Filter>Shader</Filter>
    </None>
    <None Include="Shader\ClosestHit001.hpp">
      <Filter>Shader</Filter>
    </None>
    <None Include="Shader\ClosestHit010.hpp">
      <Filter>Shader</Filter>
    </None>
    <None Include="Shader\ClosestHit100.hpp">
      <Filter>Shader</Filter>
    </None>
    <None Include="Shader\Cloud.hpp">
      <Filter>Shader</Filter>
    </None>
    <None Include="Shader\CloudIntegration.h">
      <Filter>Shader</Filter>
    </None>
    <None Include="Shader\Common.h">
      <Filter>Shader</Filter>
    </None>
    <None Include="Shader\Composite.hpp">
      <Filter>Shader</Filter>
    </None>
    <None Include="Shader\Context.h">
      <Filter>Shader</Filter>
    </None>
    <None Include="Shader\DiffTexture.hpp">
      <Filter>Shader</Filter>
    </None>
    <None Include="Shader\Light.h">
      <Filter>Shader</Filter>
    </None>
    <None Include="Shader\Miss.hpp">
      <Filter>Shader</Filter>
    </None>
    <None Include="Shader\Planet.h">
      <Filter>Shader</Filter>
    </None>
    <None Include="Shader\PrepareLights.hpp">
      <Filter>Shader</Filter>
    </None>
    <None Include="Shader\RayGeneration.hpp">
      <Filter>Shader</Filter>
    </None>
    <None Include="Shader\Reservoir.h">
      <Filter>Shader</Filter>
    </None>
    <None Include="Shader\Shared.h">
      <Filter>Shader</Filter>
    </None>
    <None Include="Source\Thirdparty\nvapi\nvHLSLExtns.h">
      <Filter>Source\Thirdparty\nvapi</Filter>
    </None>
    <None Include="Source\Thirdparty\nvapi\nvHLSLExtnsInternal.h">
      <Filter>Source\Thirdparty\nvapi</Filter>
    </None>
    <None Include="Source\Thirdparty\nvapi\nvShaderExtnEnums.h">
      <Filter>Source\Thirdparty\nvapi</Filter>
    </None>
    <None Include="Shader\HLSLHelper.h">
      <Filter>Shader</Filter>
    </None>
    <None Include="Shader\NanoVDB.h" />
    <None Include="Shader\RayQuery.hpp">
      <Filter>Shader</Filter>
    </None>
  </ItemGroup>
  <ItemGroup>
    <Natvis Include="Source\Thirdparty\glm\util\glm.natvis">
      <Filter>Source\Thirdparty\glm</Filter>
    </Natvis>
  </ItemGroup>
  <ItemGroup>
    <Manifest Include="dpi.manifest" />
  </ItemGroup>
  <ItemGroup>
    <CopyFileToFolders Include="dxil.dll" />
    <CopyFileToFolders Include="imgui.ini" />
    <CopyFileToFolders Include="dxcompiler.dll" />
  </ItemGroup>
</Project>