<?xml version="1.0" encoding="utf-8"?>
<Project ToolsVersion="4.0" xmlns="http://schemas.microsoft.com/developer/msbuild/2003">
  <ItemGroup>
    <Filter Include="Source">
      <UniqueIdentifier>{6a945472-3660-4da6-b204-5b13d8c50831}</UniqueIdentifier>
    </Filter>
    <Filter Include="Source\Thirdparty">
      <UniqueIdentifier>{60f9b1ff-c156-4a86-bc3f-a1c46a5fdba8}</UniqueIdentifier>
    </Filter>
    <Filter Include="Source\Thirdparty\imgui">
      <UniqueIdentifier>{5de635c4-666e-4734-a0a4-ff4fc0bf863e}</UniqueIdentifier>
    </Filter>
    <Filter Include="Source\Thirdparty\glm">
      <UniqueIdentifier>{064ea29b-09c1-4ade-a754-2cc117ea8957}</UniqueIdentifier>
    </Filter>
    <Filter Include="Source\Thirdparty\glm\gtx">
      <UniqueIdentifier>{fc7a9daa-2d7a-459d-a3c0-be6f8acb0e8a}</UniqueIdentifier>
    </Filter>
    <Filter Include="Source\Thirdparty\glm\gtc">
      <UniqueIdentifier>{4cc267fd-7475-485f-bf1d-5be9606714c8}</UniqueIdentifier>
    </Filter>
  </ItemGroup>
  <ItemGroup>
    <ClInclude Include="Source\imgui_impl_win32.h">
      <Filter>Source</Filter>
    </ClInclude>
    <ClInclude Include="Source\imgui_impl_dx12.h">
      <Filter>Source</Filter>
    </ClInclude>
    <ClInclude Include="Source\Thirdparty\imgui\imstb_rectpack.h">
      <Filter>Source\Thirdparty\imgui</Filter>
    </ClInclude>
    <ClInclude Include="Source\Thirdparty\imgui\imstb_textedit.h">
      <Filter>Source\Thirdparty\imgui</Filter>
    </ClInclude>
    <ClInclude Include="Source\Thirdparty\imgui\imstb_truetype.h">
      <Filter>Source\Thirdparty\imgui</Filter>
    </ClInclude>
    <ClInclude Include="Source\Thirdparty\imgui\imconfig.h">
      <Filter>Source\Thirdparty\imgui</Filter>
    </ClInclude>
    <ClInclude Include="Source\Thirdparty\imgui\imgui.h">
      <Filter>Source\Thirdparty\imgui</Filter>
    </ClInclude>
    <ClInclude Include="Source\Thirdparty\imgui\imgui_internal.h">
      <Filter>Source\Thirdparty\imgui</Filter>
    </ClInclude>
    <ClInclude Include="Source\AccelerationStructure.h">
      <Filter>Source</Filter>
    </ClInclude>
    <ClInclude Include="Source\ShaderTable.h">
      <Filter>Source</Filter>
    </ClInclude>
    <ClInclude Include="Source\PipelineState.h">
      <Filter>Source</Filter>
    </ClInclude>
    <ClInclude Include="Source\ShaderResource.h">
      <Filter>Source</Filter>
    </ClInclude>
    <ClInclude Include="Source\RayTrace.h">
      <Filter>Source</Filter>
    </ClInclude>
    <ClInclude Include="Source\Common.h">
      <Filter>Source</Filter>
    </ClInclude>
    <ClInclude Include="Source\Thirdparty\glm\glm\matrix.hpp">
      <Filter>Source\Thirdparty\glm</Filter>
    </ClInclude>
    <ClInclude Include="Source\Thirdparty\glm\glm\packing.hpp">
      <Filter>Source\Thirdparty\glm</Filter>
    </ClInclude>
    <ClInclude Include="Source\Thirdparty\glm\glm\trigonometric.hpp">
      <Filter>Source\Thirdparty\glm</Filter>
    </ClInclude>
    <ClInclude Include="Source\Thirdparty\glm\glm\vec2.hpp">
      <Filter>Source\Thirdparty\glm</Filter>
    </ClInclude>
    <ClInclude Include="Source\Thirdparty\glm\glm\vec3.hpp">
      <Filter>Source\Thirdparty\glm</Filter>
    </ClInclude>
    <ClInclude Include="Source\Thirdparty\glm\glm\vec4.hpp">
      <Filter>Source\Thirdparty\glm</Filter>
    </ClInclude>
    <ClInclude Include="Source\Thirdparty\glm\glm\vector_relational.hpp">
      <Filter>Source\Thirdparty\glm</Filter>
    </ClInclude>
    <ClInclude Include="Source\Thirdparty\glm\glm\common.hpp">
      <Filter>Source\Thirdparty\glm</Filter>
    </ClInclude>
    <ClInclude Include="Source\Thirdparty\glm\glm\exponential.hpp">
      <Filter>Source\Thirdparty\glm</Filter>
    </ClInclude>
    <ClInclude Include="Source\Thirdparty\glm\glm\ext.hpp">
      <Filter>Source\Thirdparty\glm</Filter>
    </ClInclude>
    <ClInclude Include="Source\Thirdparty\glm\glm\fwd.hpp">
      <Filter>Source\Thirdparty\glm</Filter>
    </ClInclude>
    <ClInclude Include="Source\Thirdparty\glm\glm\geometric.hpp">
      <Filter>Source\Thirdparty\glm</Filter>
    </ClInclude>
    <ClInclude Include="Source\Thirdparty\glm\glm\glm.hpp">
      <Filter>Source\Thirdparty\glm</Filter>
    </ClInclude>
    <ClInclude Include="Source\Thirdparty\glm\glm\integer.hpp">
      <Filter>Source\Thirdparty\glm</Filter>
    </ClInclude>
    <ClInclude Include="Source\Thirdparty\glm\glm\mat2x2.hpp">
      <Filter>Source\Thirdparty\glm</Filter>
    </ClInclude>
    <ClInclude Include="Source\Thirdparty\glm\glm\mat2x3.hpp">
      <Filter>Source\Thirdparty\glm</Filter>
    </ClInclude>
    <ClInclude Include="Source\Thirdparty\glm\glm\mat2x4.hpp">
      <Filter>Source\Thirdparty\glm</Filter>
    </ClInclude>
    <ClInclude Include="Source\Thirdparty\glm\glm\mat3x2.hpp">
      <Filter>Source\Thirdparty\glm</Filter>
    </ClInclude>
    <ClInclude Include="Source\Thirdparty\glm\glm\mat3x3.hpp">
      <Filter>Source\Thirdparty\glm</Filter>
    </ClInclude>
    <ClInclude Include="Source\Thirdparty\glm\glm\mat3x4.hpp">
      <Filter>Source\Thirdparty\glm</Filter>
    </ClInclude>
    <ClInclude Include="Source\Thirdparty\glm\glm\mat4x2.hpp">
      <Filter>Source\Thirdparty\glm</Filter>
    </ClInclude>
    <ClInclude Include="Source\Thirdparty\glm\glm\mat4x3.hpp">
      <Filter>Source\Thirdparty\glm</Filter>
    </ClInclude>
    <ClInclude Include="Source\Thirdparty\glm\glm\mat4x4.hpp">
      <Filter>Source\Thirdparty\glm</Filter>
    </ClInclude>
    <ClInclude Include="..\..\..\Technique\ltc_demo\bgfx\3rdparty\glm\gtx\closest_point.hpp">
      <Filter>Source\Thirdparty\glm\gtx</Filter>
    </ClInclude>
    <ClInclude Include="..\..\..\Technique\ltc_demo\bgfx\3rdparty\glm\gtx\color_space.hpp">
      <Filter>Source\Thirdparty\glm\gtx</Filter>
    </ClInclude>
    <ClInclude Include="..\..\..\Technique\ltc_demo\bgfx\3rdparty\glm\gtx\color_space_YCoCg.hpp">
      <Filter>Source\Thirdparty\glm\gtx</Filter>
    </ClInclude>
    <ClInclude Include="..\..\..\Technique\ltc_demo\bgfx\3rdparty\glm\gtx\common.hpp">
      <Filter>Source\Thirdparty\glm\gtx</Filter>
    </ClInclude>
    <ClInclude Include="..\..\..\Technique\ltc_demo\bgfx\3rdparty\glm\gtx\compatibility.hpp">
      <Filter>Source\Thirdparty\glm\gtx</Filter>
    </ClInclude>
    <ClInclude Include="..\..\..\Technique\ltc_demo\bgfx\3rdparty\glm\gtx\component_wise.hpp">
      <Filter>Source\Thirdparty\glm\gtx</Filter>
    </ClInclude>
    <ClInclude Include="..\..\..\Technique\ltc_demo\bgfx\3rdparty\glm\gtx\dual_quaternion.hpp">
      <Filter>Source\Thirdparty\glm\gtx</Filter>
    </ClInclude>
    <ClInclude Include="..\..\..\Technique\ltc_demo\bgfx\3rdparty\glm\gtx\euler_angles.hpp">
      <Filter>Source\Thirdparty\glm\gtx</Filter>
    </ClInclude>
    <ClInclude Include="..\..\..\Technique\ltc_demo\bgfx\3rdparty\glm\gtx\extend.hpp">
      <Filter>Source\Thirdparty\glm\gtx</Filter>
    </ClInclude>
    <ClInclude Include="..\..\..\Technique\ltc_demo\bgfx\3rdparty\glm\gtx\extented_min_max.hpp">
      <Filter>Source\Thirdparty\glm\gtx</Filter>
    </ClInclude>
    <ClInclude Include="..\..\..\Technique\ltc_demo\bgfx\3rdparty\glm\gtx\fast_exponential.hpp">
      <Filter>Source\Thirdparty\glm\gtx</Filter>
    </ClInclude>
    <ClInclude Include="..\..\..\Technique\ltc_demo\bgfx\3rdparty\glm\gtx\fast_square_root.hpp">
      <Filter>Source\Thirdparty\glm\gtx</Filter>
    </ClInclude>
    <ClInclude Include="..\..\..\Technique\ltc_demo\bgfx\3rdparty\glm\gtx\fast_trigonometry.hpp">
      <Filter>Source\Thirdparty\glm\gtx</Filter>
    </ClInclude>
    <ClInclude Include="..\..\..\Technique\ltc_demo\bgfx\3rdparty\glm\gtx\gradient_paint.hpp">
      <Filter>Source\Thirdparty\glm\gtx</Filter>
    </ClInclude>
    <ClInclude Include="..\..\..\Technique\ltc_demo\bgfx\3rdparty\glm\gtx\handed_coordinate_space.hpp">
      <Filter>Source\Thirdparty\glm\gtx</Filter>
    </ClInclude>
    <ClInclude Include="..\..\..\Technique\ltc_demo\bgfx\3rdparty\glm\gtx\hash.hpp">
      <Filter>Source\Thirdparty\glm\gtx</Filter>
    </ClInclude>
    <ClInclude Include="..\..\..\Technique\ltc_demo\bgfx\3rdparty\glm\gtx\integer.hpp">
      <Filter>Source\Thirdparty\glm\gtx</Filter>
    </ClInclude>
    <ClInclude Include="..\..\..\Technique\ltc_demo\bgfx\3rdparty\glm\gtx\intersect.hpp">
      <Filter>Source\Thirdparty\glm\gtx</Filter>
    </ClInclude>
    <ClInclude Include="..\..\..\Technique\ltc_demo\bgfx\3rdparty\glm\gtx\io.hpp">
      <Filter>Source\Thirdparty\glm\gtx</Filter>
    </ClInclude>
    <ClInclude Include="..\..\..\Technique\ltc_demo\bgfx\3rdparty\glm\gtx\log_base.hpp">
      <Filter>Source\Thirdparty\glm\gtx</Filter>
    </ClInclude>
    <ClInclude Include="..\..\..\Technique\ltc_demo\bgfx\3rdparty\glm\gtx\matrix_cross_product.hpp">
      <Filter>Source\Thirdparty\glm\gtx</Filter>
    </ClInclude>
    <ClInclude Include="..\..\..\Technique\ltc_demo\bgfx\3rdparty\glm\gtx\matrix_decompose.hpp">
      <Filter>Source\Thirdparty\glm\gtx</Filter>
    </ClInclude>
    <ClInclude Include="..\..\..\Technique\ltc_demo\bgfx\3rdparty\glm\gtx\matrix_interpolation.hpp">
      <Filter>Source\Thirdparty\glm\gtx</Filter>
    </ClInclude>
    <ClInclude Include="..\..\..\Technique\ltc_demo\bgfx\3rdparty\glm\gtx\matrix_major_storage.hpp">
      <Filter>Source\Thirdparty\glm\gtx</Filter>
    </ClInclude>
    <ClInclude Include="..\..\..\Technique\ltc_demo\bgfx\3rdparty\glm\gtx\matrix_operation.hpp">
      <Filter>Source\Thirdparty\glm\gtx</Filter>
    </ClInclude>
    <ClInclude Include="..\..\..\Technique\ltc_demo\bgfx\3rdparty\glm\gtx\matrix_query.hpp">
      <Filter>Source\Thirdparty\glm\gtx</Filter>
    </ClInclude>
    <ClInclude Include="..\..\..\Technique\ltc_demo\bgfx\3rdparty\glm\gtx\matrix_transform_2d.hpp">
      <Filter>Source\Thirdparty\glm\gtx</Filter>
    </ClInclude>
    <ClInclude Include="..\..\..\Technique\ltc_demo\bgfx\3rdparty\glm\gtx\mixed_product.hpp">
      <Filter>Source\Thirdparty\glm\gtx</Filter>
    </ClInclude>
    <ClInclude Include="..\..\..\Technique\ltc_demo\bgfx\3rdparty\glm\gtx\norm.hpp">
      <Filter>Source\Thirdparty\glm\gtx</Filter>
    </ClInclude>
    <ClInclude Include="..\..\..\Technique\ltc_demo\bgfx\3rdparty\glm\gtx\normal.hpp">
      <Filter>Source\Thirdparty\glm\gtx</Filter>
    </ClInclude>
    <ClInclude Include="..\..\..\Technique\ltc_demo\bgfx\3rdparty\glm\gtx\normalize_dot.hpp">
      <Filter>Source\Thirdparty\glm\gtx</Filter>
    </ClInclude>
    <ClInclude Include="..\..\..\Technique\ltc_demo\bgfx\3rdparty\glm\gtx\number_precision.hpp">
      <Filter>Source\Thirdparty\glm\gtx</Filter>
    </ClInclude>
    <ClInclude Include="..\..\..\Technique\ltc_demo\bgfx\3rdparty\glm\gtx\optimum_pow.hpp">
      <Filter>Source\Thirdparty\glm\gtx</Filter>
    </ClInclude>
    <ClInclude Include="..\..\..\Technique\ltc_demo\bgfx\3rdparty\glm\gtx\orthonormalize.hpp">
      <Filter>Source\Thirdparty\glm\gtx</Filter>
    </ClInclude>
    <ClInclude Include="..\..\..\Technique\ltc_demo\bgfx\3rdparty\glm\gtx\perpendicular.hpp">
      <Filter>Source\Thirdparty\glm\gtx</Filter>
    </ClInclude>
    <ClInclude Include="..\..\..\Technique\ltc_demo\bgfx\3rdparty\glm\gtx\polar_coordinates.hpp">
      <Filter>Source\Thirdparty\glm\gtx</Filter>
    </ClInclude>
    <ClInclude Include="..\..\..\Technique\ltc_demo\bgfx\3rdparty\glm\gtx\projection.hpp">
      <Filter>Source\Thirdparty\glm\gtx</Filter>
    </ClInclude>
    <ClInclude Include="..\..\..\Technique\ltc_demo\bgfx\3rdparty\glm\gtx\quaternion.hpp">
      <Filter>Source\Thirdparty\glm\gtx</Filter>
    </ClInclude>
    <ClInclude Include="..\..\..\Technique\ltc_demo\bgfx\3rdparty\glm\gtx\range.hpp">
      <Filter>Source\Thirdparty\glm\gtx</Filter>
    </ClInclude>
    <ClInclude Include="..\..\..\Technique\ltc_demo\bgfx\3rdparty\glm\gtx\raw_data.hpp">
      <Filter>Source\Thirdparty\glm\gtx</Filter>
    </ClInclude>
    <ClInclude Include="..\..\..\Technique\ltc_demo\bgfx\3rdparty\glm\gtx\rotate_normalized_axis.hpp">
      <Filter>Source\Thirdparty\glm\gtx</Filter>
    </ClInclude>
    <ClInclude Include="..\..\..\Technique\ltc_demo\bgfx\3rdparty\glm\gtx\rotate_vector.hpp">
      <Filter>Source\Thirdparty\glm\gtx</Filter>
    </ClInclude>
    <ClInclude Include="..\..\..\Technique\ltc_demo\bgfx\3rdparty\glm\gtx\scalar_multiplication.hpp">
      <Filter>Source\Thirdparty\glm\gtx</Filter>
    </ClInclude>
    <ClInclude Include="..\..\..\Technique\ltc_demo\bgfx\3rdparty\glm\gtx\scalar_relational.hpp">
      <Filter>Source\Thirdparty\glm\gtx</Filter>
    </ClInclude>
    <ClInclude Include="..\..\..\Technique\ltc_demo\bgfx\3rdparty\glm\gtx\simd_mat4.hpp">
      <Filter>Source\Thirdparty\glm\gtx</Filter>
    </ClInclude>
    <ClInclude Include="..\..\..\Technique\ltc_demo\bgfx\3rdparty\glm\gtx\simd_quat.hpp">
      <Filter>Source\Thirdparty\glm\gtx</Filter>
    </ClInclude>
    <ClInclude Include="..\..\..\Technique\ltc_demo\bgfx\3rdparty\glm\gtx\simd_vec4.hpp">
      <Filter>Source\Thirdparty\glm\gtx</Filter>
    </ClInclude>
    <ClInclude Include="..\..\..\Technique\ltc_demo\bgfx\3rdparty\glm\gtx\spline.hpp">
      <Filter>Source\Thirdparty\glm\gtx</Filter>
    </ClInclude>
    <ClInclude Include="..\..\..\Technique\ltc_demo\bgfx\3rdparty\glm\gtx\std_based_type.hpp">
      <Filter>Source\Thirdparty\glm\gtx</Filter>
    </ClInclude>
    <ClInclude Include="..\..\..\Technique\ltc_demo\bgfx\3rdparty\glm\gtx\string_cast.hpp">
      <Filter>Source\Thirdparty\glm\gtx</Filter>
    </ClInclude>
    <ClInclude Include="..\..\..\Technique\ltc_demo\bgfx\3rdparty\glm\gtx\transform.hpp">
      <Filter>Source\Thirdparty\glm\gtx</Filter>
    </ClInclude>
    <ClInclude Include="..\..\..\Technique\ltc_demo\bgfx\3rdparty\glm\gtx\transform2.hpp">
      <Filter>Source\Thirdparty\glm\gtx</Filter>
    </ClInclude>
    <ClInclude Include="..\..\..\Technique\ltc_demo\bgfx\3rdparty\glm\gtx\type_aligned.hpp">
      <Filter>Source\Thirdparty\glm\gtx</Filter>
    </ClInclude>
    <ClInclude Include="..\..\..\Technique\ltc_demo\bgfx\3rdparty\glm\gtx\vector_angle.hpp">
      <Filter>Source\Thirdparty\glm\gtx</Filter>
    </ClInclude>
    <ClInclude Include="..\..\..\Technique\ltc_demo\bgfx\3rdparty\glm\gtx\vector_query.hpp">
      <Filter>Source\Thirdparty\glm\gtx</Filter>
    </ClInclude>
    <ClInclude Include="..\..\..\Technique\ltc_demo\bgfx\3rdparty\glm\gtx\wrap.hpp">
      <Filter>Source\Thirdparty\glm\gtx</Filter>
    </ClInclude>
    <ClInclude Include="..\..\..\Technique\ltc_demo\bgfx\3rdparty\glm\gtx\associated_min_max.hpp">
      <Filter>Source\Thirdparty\glm\gtx</Filter>
    </ClInclude>
    <ClInclude Include="..\..\..\Technique\ltc_demo\bgfx\3rdparty\glm\gtx\bit.hpp">
      <Filter>Source\Thirdparty\glm\gtx</Filter>
    </ClInclude>
    <ClInclude Include="..\..\..\Technique\ltc_demo\bgfx\3rdparty\glm\gtc\matrix_transform.hpp">
      <Filter>Source\Thirdparty\glm\gtc</Filter>
    </ClInclude>
    <ClInclude Include="..\..\..\Technique\ltc_demo\bgfx\3rdparty\glm\gtc\noise.hpp">
      <Filter>Source\Thirdparty\glm\gtc</Filter>
    </ClInclude>
    <ClInclude Include="..\..\..\Technique\ltc_demo\bgfx\3rdparty\glm\gtc\packing.hpp">
      <Filter>Source\Thirdparty\glm\gtc</Filter>
    </ClInclude>
    <ClInclude Include="..\..\..\Technique\ltc_demo\bgfx\3rdparty\glm\gtc\quaternion.hpp">
      <Filter>Source\Thirdparty\glm\gtc</Filter>
    </ClInclude>
    <ClInclude Include="..\..\..\Technique\ltc_demo\bgfx\3rdparty\glm\gtc\random.hpp">
      <Filter>Source\Thirdparty\glm\gtc</Filter>
    </ClInclude>
    <ClInclude Include="..\..\..\Technique\ltc_demo\bgfx\3rdparty\glm\gtc\reciprocal.hpp">
      <Filter>Source\Thirdparty\glm\gtc</Filter>
    </ClInclude>
    <ClInclude Include="..\..\..\Technique\ltc_demo\bgfx\3rdparty\glm\gtc\round.hpp">
      <Filter>Source\Thirdparty\glm\gtc</Filter>
    </ClInclude>
    <ClInclude Include="..\..\..\Technique\ltc_demo\bgfx\3rdparty\glm\gtc\type_precision.hpp">
      <Filter>Source\Thirdparty\glm\gtc</Filter>
    </ClInclude>
    <ClInclude Include="..\..\..\Technique\ltc_demo\bgfx\3rdparty\glm\gtc\type_ptr.hpp">
      <Filter>Source\Thirdparty\glm\gtc</Filter>
    </ClInclude>
    <ClInclude Include="..\..\..\Technique\ltc_demo\bgfx\3rdparty\glm\gtc\ulp.hpp">
      <Filter>Source\Thirdparty\glm\gtc</Filter>
    </ClInclude>
    <ClInclude Include="..\..\..\Technique\ltc_demo\bgfx\3rdparty\glm\gtc\vec1.hpp">
      <Filter>Source\Thirdparty\glm\gtc</Filter>
    </ClInclude>
    <ClInclude Include="..\..\..\Technique\ltc_demo\bgfx\3rdparty\glm\gtc\bitfield.hpp">
      <Filter>Source\Thirdparty\glm\gtc</Filter>
    </ClInclude>
    <ClInclude Include="..\..\..\Technique\ltc_demo\bgfx\3rdparty\glm\gtc\color_space.hpp">
      <Filter>Source\Thirdparty\glm\gtc</Filter>
    </ClInclude>
    <ClInclude Include="..\..\..\Technique\ltc_demo\bgfx\3rdparty\glm\gtc\constants.hpp">
      <Filter>Source\Thirdparty\glm\gtc</Filter>
    </ClInclude>
    <ClInclude Include="..\..\..\Technique\ltc_demo\bgfx\3rdparty\glm\gtc\epsilon.hpp">
      <Filter>Source\Thirdparty\glm\gtc</Filter>
    </ClInclude>
    <ClInclude Include="..\..\..\Technique\ltc_demo\bgfx\3rdparty\glm\gtc\integer.hpp">
      <Filter>Source\Thirdparty\glm\gtc</Filter>
    </ClInclude>
    <ClInclude Include="..\..\..\Technique\ltc_demo\bgfx\3rdparty\glm\gtc\matrix_access.hpp">
      <Filter>Source\Thirdparty\glm\gtc</Filter>
    </ClInclude>
    <ClInclude Include="..\..\..\Technique\ltc_demo\bgfx\3rdparty\glm\gtc\matrix_integer.hpp">
      <Filter>Source\Thirdparty\glm\gtc</Filter>
    </ClInclude>
    <ClInclude Include="..\..\..\Technique\ltc_demo\bgfx\3rdparty\glm\gtc\matrix_inverse.hpp">
      <Filter>Source\Thirdparty\glm\gtc</Filter>
    </ClInclude>
  </ItemGroup>
  <ItemGroup>
    <ClCompile Include="Source\imgui_impl_dx12.cpp">
      <Filter>Source</Filter>
    </ClCompile>
    <ClCompile Include="Source\imgui_impl_win32.cpp">
      <Filter>Source</Filter>
    </ClCompile>
    <ClCompile Include="Source\Thirdparty\imgui\imgui_widgets.cpp">
      <Filter>Source\Thirdparty\imgui</Filter>
    </ClCompile>
    <ClCompile Include="Source\Thirdparty\imgui\imgui.cpp">
      <Filter>Source\Thirdparty\imgui</Filter>
    </ClCompile>
    <ClCompile Include="Source\Thirdparty\imgui\imgui_demo.cpp">
      <Filter>Source\Thirdparty\imgui</Filter>
    </ClCompile>
    <ClCompile Include="Source\Thirdparty\imgui\imgui_draw.cpp">
      <Filter>Source\Thirdparty\imgui</Filter>
    </ClCompile>
    <ClCompile Include="Source\DXRPlayground.cpp">
      <Filter>Source</Filter>
    </ClCompile>
    <ClCompile Include="Source\AccelerationStructure.cpp">
      <Filter>Source</Filter>
    </ClCompile>
    <ClCompile Include="Source\ShaderTable.cpp">
      <Filter>Source</Filter>
    </ClCompile>
    <ClCompile Include="Source\PipelineState.cpp">
      <Filter>Source</Filter>
    </ClCompile>
    <ClCompile Include="Source\ShaderResource.cpp">
      <Filter>Source</Filter>
    </ClCompile>
    <ClCompile Include="Source\RayTrace.cpp">
      <Filter>Source</Filter>
    </ClCompile>
    <ClCompile Include="Source\Common.cpp">
      <Filter>Source</Filter>
    </ClCompile>
  </ItemGroup>
  <ItemGroup>
    <None Include="..\..\..\Technique\ltc_demo\bgfx\3rdparty\glm\gtx\closest_point.inl">
      <Filter>Source\Thirdparty\glm\gtx</Filter>
    </None>
    <None Include="..\..\..\Technique\ltc_demo\bgfx\3rdparty\glm\gtx\color_space.inl">
      <Filter>Source\Thirdparty\glm\gtx</Filter>
    </None>
    <None Include="..\..\..\Technique\ltc_demo\bgfx\3rdparty\glm\gtx\color_space_YCoCg.inl">
      <Filter>Source\Thirdparty\glm\gtx</Filter>
    </None>
    <None Include="..\..\..\Technique\ltc_demo\bgfx\3rdparty\glm\gtx\common.inl">
      <Filter>Source\Thirdparty\glm\gtx</Filter>
    </None>
    <None Include="..\..\..\Technique\ltc_demo\bgfx\3rdparty\glm\gtx\compatibility.inl">
      <Filter>Source\Thirdparty\glm\gtx</Filter>
    </None>
    <None Include="..\..\..\Technique\ltc_demo\bgfx\3rdparty\glm\gtx\component_wise.inl">
      <Filter>Source\Thirdparty\glm\gtx</Filter>
    </None>
    <None Include="..\..\..\Technique\ltc_demo\bgfx\3rdparty\glm\gtx\dual_quaternion.inl">
      <Filter>Source\Thirdparty\glm\gtx</Filter>
    </None>
    <None Include="..\..\..\Technique\ltc_demo\bgfx\3rdparty\glm\gtx\euler_angles.inl">
      <Filter>Source\Thirdparty\glm\gtx</Filter>
    </None>
    <None Include="..\..\..\Technique\ltc_demo\bgfx\3rdparty\glm\gtx\extend.inl">
      <Filter>Source\Thirdparty\glm\gtx</Filter>
    </None>
    <None Include="..\..\..\Technique\ltc_demo\bgfx\3rdparty\glm\gtx\extented_min_max.inl">
      <Filter>Source\Thirdparty\glm\gtx</Filter>
    </None>
    <None Include="..\..\..\Technique\ltc_demo\bgfx\3rdparty\glm\gtx\fast_exponential.inl">
      <Filter>Source\Thirdparty\glm\gtx</Filter>
    </None>
    <None Include="..\..\..\Technique\ltc_demo\bgfx\3rdparty\glm\gtx\fast_square_root.inl">
      <Filter>Source\Thirdparty\glm\gtx</Filter>
    </None>
    <None Include="..\..\..\Technique\ltc_demo\bgfx\3rdparty\glm\gtx\fast_trigonometry.inl">
      <Filter>Source\Thirdparty\glm\gtx</Filter>
    </None>
    <None Include="..\..\..\Technique\ltc_demo\bgfx\3rdparty\glm\gtx\gradient_paint.inl">
      <Filter>Source\Thirdparty\glm\gtx</Filter>
    </None>
    <None Include="..\..\..\Technique\ltc_demo\bgfx\3rdparty\glm\gtx\handed_coordinate_space.inl">
      <Filter>Source\Thirdparty\glm\gtx</Filter>
    </None>
    <None Include="..\..\..\Technique\ltc_demo\bgfx\3rdparty\glm\gtx\hash.inl">
      <Filter>Source\Thirdparty\glm\gtx</Filter>
    </None>
    <None Include="..\..\..\Technique\ltc_demo\bgfx\3rdparty\glm\gtx\integer.inl">
      <Filter>Source\Thirdparty\glm\gtx</Filter>
    </None>
    <None Include="..\..\..\Technique\ltc_demo\bgfx\3rdparty\glm\gtx\intersect.inl">
      <Filter>Source\Thirdparty\glm\gtx</Filter>
    </None>
    <None Include="..\..\..\Technique\ltc_demo\bgfx\3rdparty\glm\gtx\io.inl">
      <Filter>Source\Thirdparty\glm\gtx</Filter>
    </None>
    <None Include="..\..\..\Technique\ltc_demo\bgfx\3rdparty\glm\gtx\log_base.inl">
      <Filter>Source\Thirdparty\glm\gtx</Filter>
    </None>
    <None Include="..\..\..\Technique\ltc_demo\bgfx\3rdparty\glm\gtx\matrix_cross_product.inl">
      <Filter>Source\Thirdparty\glm\gtx</Filter>
    </None>
    <None Include="..\..\..\Technique\ltc_demo\bgfx\3rdparty\glm\gtx\matrix_decompose.inl">
      <Filter>Source\Thirdparty\glm\gtx</Filter>
    </None>
    <None Include="..\..\..\Technique\ltc_demo\bgfx\3rdparty\glm\gtx\matrix_interpolation.inl">
      <Filter>Source\Thirdparty\glm\gtx</Filter>
    </None>
    <None Include="..\..\..\Technique\ltc_demo\bgfx\3rdparty\glm\gtx\matrix_major_storage.inl">
      <Filter>Source\Thirdparty\glm\gtx</Filter>
    </None>
    <None Include="..\..\..\Technique\ltc_demo\bgfx\3rdparty\glm\gtx\matrix_operation.inl">
      <Filter>Source\Thirdparty\glm\gtx</Filter>
    </None>
    <None Include="..\..\..\Technique\ltc_demo\bgfx\3rdparty\glm\gtx\matrix_query.inl">
      <Filter>Source\Thirdparty\glm\gtx</Filter>
    </None>
    <None Include="..\..\..\Technique\ltc_demo\bgfx\3rdparty\glm\gtx\matrix_transform_2d.inl">
      <Filter>Source\Thirdparty\glm\gtx</Filter>
    </None>
    <None Include="..\..\..\Technique\ltc_demo\bgfx\3rdparty\glm\gtx\mixed_product.inl">
      <Filter>Source\Thirdparty\glm\gtx</Filter>
    </None>
    <None Include="..\..\..\Technique\ltc_demo\bgfx\3rdparty\glm\gtx\norm.inl">
      <Filter>Source\Thirdparty\glm\gtx</Filter>
    </None>
    <None Include="..\..\..\Technique\ltc_demo\bgfx\3rdparty\glm\gtx\normal.inl">
      <Filter>Source\Thirdparty\glm\gtx</Filter>
    </None>
    <None Include="..\..\..\Technique\ltc_demo\bgfx\3rdparty\glm\gtx\normalize_dot.inl">
      <Filter>Source\Thirdparty\glm\gtx</Filter>
    </None>
    <None Include="..\..\..\Technique\ltc_demo\bgfx\3rdparty\glm\gtx\number_precision.inl">
      <Filter>Source\Thirdparty\glm\gtx</Filter>
    </None>
    <None Include="..\..\..\Technique\ltc_demo\bgfx\3rdparty\glm\gtx\optimum_pow.inl">
      <Filter>Source\Thirdparty\glm\gtx</Filter>
    </None>
    <None Include="..\..\..\Technique\ltc_demo\bgfx\3rdparty\glm\gtx\orthonormalize.inl">
      <Filter>Source\Thirdparty\glm\gtx</Filter>
    </None>
    <None Include="..\..\..\Technique\ltc_demo\bgfx\3rdparty\glm\gtx\perpendicular.inl">
      <Filter>Source\Thirdparty\glm\gtx</Filter>
    </None>
    <None Include="..\..\..\Technique\ltc_demo\bgfx\3rdparty\glm\gtx\polar_coordinates.inl">
      <Filter>Source\Thirdparty\glm\gtx</Filter>
    </None>
    <None Include="..\..\..\Technique\ltc_demo\bgfx\3rdparty\glm\gtx\projection.inl">
      <Filter>Source\Thirdparty\glm\gtx</Filter>
    </None>
    <None Include="..\..\..\Technique\ltc_demo\bgfx\3rdparty\glm\gtx\quaternion.inl">
      <Filter>Source\Thirdparty\glm\gtx</Filter>
    </None>
    <None Include="..\..\..\Technique\ltc_demo\bgfx\3rdparty\glm\gtx\raw_data.inl">
      <Filter>Source\Thirdparty\glm\gtx</Filter>
    </None>
    <None Include="..\..\..\Technique\ltc_demo\bgfx\3rdparty\glm\gtx\rotate_normalized_axis.inl">
      <Filter>Source\Thirdparty\glm\gtx</Filter>
    </None>
    <None Include="..\..\..\Technique\ltc_demo\bgfx\3rdparty\glm\gtx\rotate_vector.inl">
      <Filter>Source\Thirdparty\glm\gtx</Filter>
    </None>
    <None Include="..\..\..\Technique\ltc_demo\bgfx\3rdparty\glm\gtx\scalar_relational.inl">
      <Filter>Source\Thirdparty\glm\gtx</Filter>
    </None>
    <None Include="..\..\..\Technique\ltc_demo\bgfx\3rdparty\glm\gtx\simd_mat4.inl">
      <Filter>Source\Thirdparty\glm\gtx</Filter>
    </None>
    <None Include="..\..\..\Technique\ltc_demo\bgfx\3rdparty\glm\gtx\simd_quat.inl">
      <Filter>Source\Thirdparty\glm\gtx</Filter>
    </None>
    <None Include="..\..\..\Technique\ltc_demo\bgfx\3rdparty\glm\gtx\simd_vec4.inl">
      <Filter>Source\Thirdparty\glm\gtx</Filter>
    </None>
    <None Include="..\..\..\Technique\ltc_demo\bgfx\3rdparty\glm\gtx\spline.inl">
      <Filter>Source\Thirdparty\glm\gtx</Filter>
    </None>
    <None Include="..\..\..\Technique\ltc_demo\bgfx\3rdparty\glm\gtx\std_based_type.inl">
      <Filter>Source\Thirdparty\glm\gtx</Filter>
    </None>
    <None Include="..\..\..\Technique\ltc_demo\bgfx\3rdparty\glm\gtx\string_cast.inl">
      <Filter>Source\Thirdparty\glm\gtx</Filter>
    </None>
    <None Include="..\..\..\Technique\ltc_demo\bgfx\3rdparty\glm\gtx\transform.inl">
      <Filter>Source\Thirdparty\glm\gtx</Filter>
    </None>
    <None Include="..\..\..\Technique\ltc_demo\bgfx\3rdparty\glm\gtx\transform2.inl">
      <Filter>Source\Thirdparty\glm\gtx</Filter>
    </None>
    <None Include="..\..\..\Technique\ltc_demo\bgfx\3rdparty\glm\gtx\type_aligned.inl">
      <Filter>Source\Thirdparty\glm\gtx</Filter>
    </None>
    <None Include="..\..\..\Technique\ltc_demo\bgfx\3rdparty\glm\gtx\vector_angle.inl">
      <Filter>Source\Thirdparty\glm\gtx</Filter>
    </None>
    <None Include="..\..\..\Technique\ltc_demo\bgfx\3rdparty\glm\gtx\vector_query.inl">
      <Filter>Source\Thirdparty\glm\gtx</Filter>
    </None>
    <None Include="..\..\..\Technique\ltc_demo\bgfx\3rdparty\glm\gtx\wrap.inl">
      <Filter>Source\Thirdparty\glm\gtx</Filter>
    </None>
    <None Include="..\..\..\Technique\ltc_demo\bgfx\3rdparty\glm\gtx\associated_min_max.inl">
      <Filter>Source\Thirdparty\glm\gtx</Filter>
    </None>
    <None Include="..\..\..\Technique\ltc_demo\bgfx\3rdparty\glm\gtx\bit.inl">
      <Filter>Source\Thirdparty\glm\gtx</Filter>
    </None>
    <None Include="..\..\..\Technique\ltc_demo\bgfx\3rdparty\glm\gtc\matrix_inverse.inl">
      <Filter>Source\Thirdparty\glm\gtc</Filter>
    </None>
    <None Include="..\..\..\Technique\ltc_demo\bgfx\3rdparty\glm\gtc\matrix_transform.inl">
      <Filter>Source\Thirdparty\glm\gtc</Filter>
    </None>
    <None Include="..\..\..\Technique\ltc_demo\bgfx\3rdparty\glm\gtc\noise.inl">
      <Filter>Source\Thirdparty\glm\gtc</Filter>
    </None>
    <None Include="..\..\..\Technique\ltc_demo\bgfx\3rdparty\glm\gtc\packing.inl">
      <Filter>Source\Thirdparty\glm\gtc</Filter>
    </None>
    <None Include="..\..\..\Technique\ltc_demo\bgfx\3rdparty\glm\gtc\quaternion.inl">
      <Filter>Source\Thirdparty\glm\gtc</Filter>
    </None>
    <None Include="..\..\..\Technique\ltc_demo\bgfx\3rdparty\glm\gtc\random.inl">
      <Filter>Source\Thirdparty\glm\gtc</Filter>
    </None>
    <None Include="..\..\..\Technique\ltc_demo\bgfx\3rdparty\glm\gtc\reciprocal.inl">
      <Filter>Source\Thirdparty\glm\gtc</Filter>
    </None>
    <None Include="..\..\..\Technique\ltc_demo\bgfx\3rdparty\glm\gtc\round.inl">
      <Filter>Source\Thirdparty\glm\gtc</Filter>
    </None>
    <None Include="..\..\..\Technique\ltc_demo\bgfx\3rdparty\glm\gtc\type_precision.inl">
      <Filter>Source\Thirdparty\glm\gtc</Filter>
    </None>
    <None Include="..\..\..\Technique\ltc_demo\bgfx\3rdparty\glm\gtc\type_ptr.inl">
      <Filter>Source\Thirdparty\glm\gtc</Filter>
    </None>
    <None Include="..\..\..\Technique\ltc_demo\bgfx\3rdparty\glm\gtc\ulp.inl">
      <Filter>Source\Thirdparty\glm\gtc</Filter>
    </None>
    <None Include="..\..\..\Technique\ltc_demo\bgfx\3rdparty\glm\gtc\vec1.inl">
      <Filter>Source\Thirdparty\glm\gtc</Filter>
    </None>
    <None Include="..\..\..\Technique\ltc_demo\bgfx\3rdparty\glm\gtc\bitfield.inl">
      <Filter>Source\Thirdparty\glm\gtc</Filter>
    </None>
    <None Include="..\..\..\Technique\ltc_demo\bgfx\3rdparty\glm\gtc\color_space.inl">
      <Filter>Source\Thirdparty\glm\gtc</Filter>
    </None>
    <None Include="..\..\..\Technique\ltc_demo\bgfx\3rdparty\glm\gtc\constants.inl">
      <Filter>Source\Thirdparty\glm\gtc</Filter>
    </None>
    <None Include="..\..\..\Technique\ltc_demo\bgfx\3rdparty\glm\gtc\epsilon.inl">
      <Filter>Source\Thirdparty\glm\gtc</Filter>
    </None>
    <None Include="..\..\..\Technique\ltc_demo\bgfx\3rdparty\glm\gtc\integer.inl">
      <Filter>Source\Thirdparty\glm\gtc</Filter>
    </None>
    <None Include="..\..\..\Technique\ltc_demo\bgfx\3rdparty\glm\gtc\matrix_access.inl">
      <Filter>Source\Thirdparty\glm\gtc</Filter>
    </None>
  </ItemGroup>
</Project>